
Microsoft Visual Studio Solution File, Format Version 12.00
# Visual Studio Version 16
VisualStudioVersion = 16.0.29905.134
MinimumVisualStudioVersion = 10.0.40219.1
Project("{FAE04EC0-301F-11D3-BF4B-00C04F79EFBC}") = "VietNamLotto", "VietNamLotto\VietNamLotto.csproj", "{281BA857-1D64-42C4-96DD-856A6B40359E}"
EndProject
Project("{FAE04EC0-301F-11D3-BF4B-00C04F79EFBC}") = "BusinessDatabase", "BusinessDatabase\BusinessDatabase.csproj", "{5D38371A-C619-41AB-866D-67098D71FB28}"
EndProject
Global
	GlobalSection(SolutionConfigurationPlatforms) = preSolution
		Debug|Any CPU = Debug|Any CPU
		Release|Any CPU = Release|Any CPU
	EndGlobalSection
	GlobalSection(ProjectConfigurationPlatforms) = postSolution
		{281BA857-1D64-42C4-96DD-856A6B40359E}.Debug|Any CPU.ActiveCfg = Debug|Any CPU
		{281BA857-1D64-42C4-96DD-856A6B40359E}.Debug|Any CPU.Build.0 = Debug|Any CPU
		{281BA857-1D64-42C4-96DD-856A6B40359E}.Release|Any CPU.ActiveCfg = Release|Any CPU
		{281BA857-1D64-42C4-96DD-856A6B40359E}.Release|Any CPU.Build.0 = Release|Any CPU
		{5D38371A-C619-41AB-866D-67098D71FB28}.Debug|Any CPU.ActiveCfg = Debug|Any CPU
		{5D38371A-C619-41AB-866D-67098D71FB28}.Debug|Any CPU.Build.0 = Debug|Any CPU
		{5D38371A-C619-41AB-866D-67098D71FB28}.Release|Any CPU.ActiveCfg = Release|Any CPU
		{5D38371A-C619-41AB-866D-67098D71FB28}.Release|Any CPU.Build.0 = Release|Any CPU
	EndGlobalSection
	GlobalSection(SolutionProperties) = preSolution
		HideSolutionNode = FALSE
	EndGlobalSection
	GlobalSection(ExtensibilityGlobals) = postSolution
		SolutionGuid = {4B521733-7EAD-47A9-B4A6-FE30C797A844}
	EndGlobalSection
EndGlobal
